
Microsoft Visual Studio Solution File, Format Version 12.00
# Visual Studio Version 16
VisualStudioVersion = 16.0.32228.343
MinimumVisualStudioVersion = 10.0.40219.1
Project("{FAE04EC0-301F-11D3-BF4B-00C04F79EFBC}") = "Covid-19-LTUC-Task", "Covid-19-LTUC-Task\Covid-19-LTUC-Task.csproj", "{EB0815F8-1FB7-4E77-9472-7EF819868DCA}"
EndProject
Global
	GlobalSection(SolutionConfigurationPlatforms) = preSolution
		Debug|Any CPU = Debug|Any CPU
		Release|Any CPU = Release|Any CPU
	EndGlobalSection
	GlobalSection(ProjectConfigurationPlatforms) = postSolution
		{EB0815F8-1FB7-4E77-9472-7EF819868DCA}.Debug|Any CPU.ActiveCfg = Debug|Any CPU
		{EB0815F8-1FB7-4E77-9472-7EF819868DCA}.Debug|Any CPU.Build.0 = Debug|Any CPU
		{EB0815F8-1FB7-4E77-9472-7EF819868DCA}.Release|Any CPU.ActiveCfg = Release|Any CPU
		{EB0815F8-1FB7-4E77-9472-7EF819868DCA}.Release|Any CPU.Build.0 = Release|Any CPU
	EndGlobalSection
	GlobalSection(SolutionProperties) = preSolution
		HideSolutionNode = FALSE
	EndGlobalSection
	GlobalSection(ExtensibilityGlobals) = postSolution
		SolutionGuid = {B6C84770-A25A-42D1-BA28-608A35004B94}
	EndGlobalSection
EndGlobal
